
Microsoft Visual Studio Solution File, Format Version 12.00
# Visual Studio Version 16
VisualStudioVersion = 16.0.31424.327
MinimumVisualStudioVersion = 10.0.40219.1
Project("{FAE04EC0-301F-11D3-BF4B-00C04F79EFBC}") = "QuoteAPI", "QuoteAPI.csproj", "{DC94F2BB-9F9D-4330-A832-4DA15E4330F8}"
EndProject
Project("{FAE04EC0-301F-11D3-BF4B-00C04F79EFBC}") = "QuoteAPI.DAL", "QuoteAPI.DAL\QuoteAPI.DAL.csproj", "{05C86DEA-6D23-487E-A213-F3AB38B4A8E1}"
EndProject
Project("{FAE04EC0-301F-11D3-BF4B-00C04F79EFBC}") = "QuoteAPI.Repository", "QuoteAPI.Repository\QuoteAPI.Repository.csproj", "{CD28D030-E8C9-403E-A455-1D4C770330C8}"
EndProject
Project("{FAE04EC0-301F-11D3-BF4B-00C04F79EFBC}") = "QuoteAPI.Service", "QuoteAPI.Service\QuoteAPI.Service.csproj", "{1D2ADD2E-11C7-4C2D-A4E7-2320037A24FF}"
EndProject
Global
	GlobalSection(SolutionConfigurationPlatforms) = preSolution
		Debug|Any CPU = Debug|Any CPU
		Release|Any CPU = Release|Any CPU
	EndGlobalSection
	GlobalSection(ProjectConfigurationPlatforms) = postSolution
		{DC94F2BB-9F9D-4330-A832-4DA15E4330F8}.Debug|Any CPU.ActiveCfg = Debug|Any CPU
		{DC94F2BB-9F9D-4330-A832-4DA15E4330F8}.Debug|Any CPU.Build.0 = Debug|Any CPU
		{DC94F2BB-9F9D-4330-A832-4DA15E4330F8}.Release|Any CPU.ActiveCfg = Release|Any CPU
		{DC94F2BB-9F9D-4330-A832-4DA15E4330F8}.Release|Any CPU.Build.0 = Release|Any CPU
		{05C86DEA-6D23-487E-A213-F3AB38B4A8E1}.Debug|Any CPU.ActiveCfg = Debug|Any CPU
		{05C86DEA-6D23-487E-A213-F3AB38B4A8E1}.Debug|Any CPU.Build.0 = Debug|Any CPU
		{05C86DEA-6D23-487E-A213-F3AB38B4A8E1}.Release|Any CPU.ActiveCfg = Release|Any CPU
		{05C86DEA-6D23-487E-A213-F3AB38B4A8E1}.Release|Any CPU.Build.0 = Release|Any CPU
		{CD28D030-E8C9-403E-A455-1D4C770330C8}.Debug|Any CPU.ActiveCfg = Debug|Any CPU
		{CD28D030-E8C9-403E-A455-1D4C770330C8}.Debug|Any CPU.Build.0 = Debug|Any CPU
		{CD28D030-E8C9-403E-A455-1D4C770330C8}.Release|Any CPU.ActiveCfg = Release|Any CPU
		{CD28D030-E8C9-403E-A455-1D4C770330C8}.Release|Any CPU.Build.0 = Release|Any CPU
		{1D2ADD2E-11C7-4C2D-A4E7-2320037A24FF}.Debug|Any CPU.ActiveCfg = Debug|Any CPU
		{1D2ADD2E-11C7-4C2D-A4E7-2320037A24FF}.Debug|Any CPU.Build.0 = Debug|Any CPU
		{1D2ADD2E-11C7-4C2D-A4E7-2320037A24FF}.Release|Any CPU.ActiveCfg = Release|Any CPU
		{1D2ADD2E-11C7-4C2D-A4E7-2320037A24FF}.Release|Any CPU.Build.0 = Release|Any CPU
	EndGlobalSection
	GlobalSection(SolutionProperties) = preSolution
		HideSolutionNode = FALSE
	EndGlobalSection
	GlobalSection(ExtensibilityGlobals) = postSolution
		SolutionGuid = {FAA63F15-B94B-4FC6-92AB-0A2EEDF6EA83}
	EndGlobalSection
EndGlobal
